
Microsoft Visual Studio Solution File, Format Version 12.00
# Visual Studio 15
VisualStudioVersion = 15.0.27428.2005
MinimumVisualStudioVersion = 10.0.40219.1
Project("{FAE04EC0-301F-11D3-BF4B-00C04F79EFBC}") = "labyrinth", "labyrinth.csproj", "{273B433B-BAC3-48DD-9961-FC1C3F585EE4}"
EndProject
Global
	GlobalSection(SolutionConfigurationPlatforms) = preSolution
		Debug|Any CPU = Debug|Any CPU
		Release|Any CPU = Release|Any CPU
	EndGlobalSection
	GlobalSection(ProjectConfigurationPlatforms) = postSolution
		{273B433B-BAC3-48DD-9961-FC1C3F585EE4}.Debug|Any CPU.ActiveCfg = Debug|Any CPU
		{273B433B-BAC3-48DD-9961-FC1C3F585EE4}.Debug|Any CPU.Build.0 = Debug|Any CPU
		{273B433B-BAC3-48DD-9961-FC1C3F585EE4}.Release|Any CPU.ActiveCfg = Release|Any CPU
		{273B433B-BAC3-48DD-9961-FC1C3F585EE4}.Release|Any CPU.Build.0 = Release|Any CPU
	EndGlobalSection
	GlobalSection(SolutionProperties) = preSolution
		HideSolutionNode = FALSE
	EndGlobalSection
	GlobalSection(ExtensibilityGlobals) = postSolution
		SolutionGuid = {04B155D0-2063-4241-B15E-3F997AEB6047}
	EndGlobalSection
EndGlobal
